
Microsoft Visual Studio Solution File, Format Version 12.00
# Visual Studio 2015
Project("{FAE04EC0-301F-11D3-BF4B-00C04F79EFBC}") = "Titros3D.CSharp", "Titros3D.CSharp.csproj", "{8CA864AF-ED88-A2FB-A4AC-EF5631B503D7}"
EndProject
Project("{FAE04EC0-301F-11D3-BF4B-00C04F79EFBC}") = "Titros3D.CSharp.Editor", "Titros3D.CSharp.Editor.csproj", "{B4FD8EE9-565C-FE42-A082-04FCB8883A71}"
EndProject
Global
	GlobalSection(SolutionConfigurationPlatforms) = preSolution
		Debug|Any CPU = Debug|Any CPU
		Release|Any CPU = Release|Any CPU
	EndGlobalSection
	GlobalSection(ProjectConfigurationPlatforms) = postSolution
		{8CA864AF-ED88-A2FB-A4AC-EF5631B503D7}.Debug|Any CPU.ActiveCfg = Debug|Any CPU
		{8CA864AF-ED88-A2FB-A4AC-EF5631B503D7}.Debug|Any CPU.Build.0 = Debug|Any CPU
		{8CA864AF-ED88-A2FB-A4AC-EF5631B503D7}.Release|Any CPU.ActiveCfg = Release|Any CPU
		{8CA864AF-ED88-A2FB-A4AC-EF5631B503D7}.Release|Any CPU.Build.0 = Release|Any CPU
		{B4FD8EE9-565C-FE42-A082-04FCB8883A71}.Debug|Any CPU.ActiveCfg = Debug|Any CPU
		{B4FD8EE9-565C-FE42-A082-04FCB8883A71}.Debug|Any CPU.Build.0 = Debug|Any CPU
		{B4FD8EE9-565C-FE42-A082-04FCB8883A71}.Release|Any CPU.ActiveCfg = Release|Any CPU
		{B4FD8EE9-565C-FE42-A082-04FCB8883A71}.Release|Any CPU.Build.0 = Release|Any CPU
	EndGlobalSection
	GlobalSection(SolutionProperties) = preSolution
		HideSolutionNode = FALSE
	EndGlobalSection
EndGlobal
